version = 1
revision = 2
requires-python = ">=3.9"

[[package]]
name = "alfred-workflow-packager"
version = "3.2.0"
source = { registry = "https://pypi.org/simple" }
dependencies = [
    { name = "jsonschema" },
]
sdist = { url = "https://files.pythonhosted.org/packages/69/b9/431924e8d70b50d9787afc3bcd08075940d068afd5443a3dc50822b29910/alfred_workflow_packager-3.2.0.tar.gz", hash = "sha256:af923bd65494e2b126140897b07a5c4d9b802b5e1211e981ba35accf3d88e484", size = 8447, upload-time = "2025-04-11T17:49:20.327Z" }
wheels = [
    { url = "https://files.pythonhosted.org/packages/af/0c/0cbefd9ebee8a40c49cc8d8ad110ecabf82d9b0dc8d37bbaeef4458d3f26/alfred_workflow_packager-3.2.0-py3-none-any.whl", hash = "sha256:98a06ac3ef36971b5709a170c03152cc8691401e7597cda4b0a39d484f597ce6", size = 9823, upload-time = "2025-04-11T17:49:19.191Z" },
]

[[package]]
name = "attrs"
version = "25.3.0"
source = { registry = "https://pypi.org/simple" }
sdist = { url = "https://files.pythonhosted.org/packages/5a/b0/1367933a8532ee6ff8d63537de4f1177af4bff9f3e829baf7331f595bb24/attrs-25.3.0.tar.gz", hash = "sha256:75d7cefc7fb576747b2c81b4442d4d4a1ce0900973527c011d1030fd3bf4af1b", size = 812032, upload-time = "2025-03-13T11:10:22.779Z" }
wheels = [
    { url = "https://files.pythonhosted.org/packages/77/06/bb80f5f86020c4551da315d78b3ab75e8228f89f0162f2c3a819e407941a/attrs-25.3.0-py3-none-any.whl", hash = "sha256:427318ce031701fea540783410126f03899a97ffc6f61596ad581ac2e40e3bc3", size = 63815, upload-time = "2025-03-13T11:10:21.14Z" },
]

[[package]]
name = "jsonschema"
version = "4.24.0"
source = { registry = "https://pypi.org/simple" }
dependencies = [
    { name = "attrs" },
    { name = "jsonschema-specifications" },
    { name = "referencing" },
    { name = "rpds-py" },
]
sdist = { url = "https://files.pythonhosted.org/packages/bf/d3/1cf5326b923a53515d8f3a2cd442e6d7e94fcc444716e879ea70a0ce3177/jsonschema-4.24.0.tar.gz", hash = "sha256:0b4e8069eb12aedfa881333004bccaec24ecef5a8a6a4b6df142b2cc9599d196", size = 353480, upload-time = "2025-05-26T18:48:10.459Z" }
wheels = [
    { url = "https://files.pythonhosted.org/packages/a2/3d/023389198f69c722d039351050738d6755376c8fd343e91dc493ea485905/jsonschema-4.24.0-py3-none-any.whl", hash = "sha256:a462455f19f5faf404a7902952b6f0e3ce868f3ee09a359b05eca6673bd8412d", size = 88709, upload-time = "2025-05-26T18:48:08.417Z" },
]

[[package]]
name = "jsonschema-specifications"
version = "2025.4.1"
source = { registry = "https://pypi.org/simple" }
dependencies = [
    { name = "referencing" },
]
sdist = { url = "https://files.pythonhosted.org/packages/bf/ce/46fbd9c8119cfc3581ee5643ea49464d168028cfb5caff5fc0596d0cf914/jsonschema_specifications-2025.4.1.tar.gz", hash = "sha256:630159c9f4dbea161a6a2205c3011cc4f18ff381b189fff48bb39b9bf26ae608", size = 15513, upload-time = "2025-04-23T12:34:07.418Z" }
wheels = [
    { url = "https://files.pythonhosted.org/packages/01/0e/b27cdbaccf30b890c40ed1da9fd4a3593a5cf94dae54fb34f8a4b74fcd3f/jsonschema_specifications-2025.4.1-py3-none-any.whl", hash = "sha256:4653bffbd6584f7de83a67e0d620ef16900b390ddc7939d56684d6c81e33f1af", size = 18437, upload-time = "2025-04-23T12:34:05.422Z" },
]

[[package]]
name = "play-song"
version = "9.6.1"
source = { virtual = "." }

[package.dev-dependencies]
dev = [
    { name = "alfred-workflow-packager" },
]

[package.metadata]

[package.metadata.requires-dev]
dev = [{ name = "alfred-workflow-packager", specifier = "==3.2.0" }]

[[package]]
name = "referencing"
version = "0.36.2"
source = { registry = "https://pypi.org/simple" }
dependencies = [
    { name = "attrs" },
    { name = "rpds-py" },
    { name = "typing-extensions", marker = "python_full_version < '3.13'" },
]
sdist = { url = "https://files.pythonhosted.org/packages/2f/db/98b5c277be99dd18bfd91dd04e1b759cad18d1a338188c936e92f921c7e2/referencing-0.36.2.tar.gz", hash = "sha256:df2e89862cd09deabbdba16944cc3f10feb6b3e6f18e902f7cc25609a34775aa", size = 74744, upload-time = "2025-01-25T08:48:16.138Z" }
wheels = [
    { url = "https://files.pythonhosted.org/packages/c1/b1/3baf80dc6d2b7bc27a95a67752d0208e410351e3feb4eb78de5f77454d8d/referencing-0.36.2-py3-none-any.whl", hash = "sha256:e8699adbbf8b5c7de96d8ffa0eb5c158b3beafce084968e2ea8bb08c6794dcd0", size = 26775, upload-time = "2025-01-25T08:48:14.241Z" },
]

[[package]]
name = "rpds-py"
version = "0.25.1"
source = { registry = "https://pypi.org/simple" }
sdist = { url = "https://files.pythonhosted.org/packages/8c/a6/60184b7fc00dd3ca80ac635dd5b8577d444c57e8e8742cecabfacb829921/rpds_py-0.25.1.tar.gz", hash = "sha256:8960b6dac09b62dac26e75d7e2c4a22efb835d827a7278c34f72b2b84fa160e3", size = 27304, upload-time = "2025-05-21T12:46:12.502Z" }
wheels = [
    { url = "https://files.pythonhosted.org/packages/cb/09/e1158988e50905b7f8306487a576b52d32aa9a87f79f7ab24ee8db8b6c05/rpds_py-0.25.1-cp310-cp310-macosx_10_12_x86_64.whl", hash = "sha256:f4ad628b5174d5315761b67f212774a32f5bad5e61396d38108bd801c0a8f5d9", size = 373140, upload-time = "2025-05-21T12:42:38.834Z" },
    { url = "https://files.pythonhosted.org/packages/e0/4b/a284321fb3c45c02fc74187171504702b2934bfe16abab89713eedfe672e/rpds_py-0.25.1-cp310-cp310-macosx_11_0_arm64.whl", hash = "sha256:8c742af695f7525e559c16f1562cf2323db0e3f0fbdcabdf6865b095256b2d40", size = 358860, upload-time = "2025-05-21T12:42:41.394Z" },
    { url = "https://files.pythonhosted.org/packages/4e/46/8ac9811150c75edeae9fc6fa0e70376c19bc80f8e1f7716981433905912b/rpds_py-0.25.1-cp310-cp310-manylinux_2_17_aarch64.manylinux2014_aarch64.whl", hash = "sha256:605ffe7769e24b1800b4d024d24034405d9404f0bc2f55b6db3362cd34145a6f", size = 386179, upload-time = "2025-05-21T12:42:43.213Z" },
    { url = "https://files.pythonhosted.org/packages/f3/ec/87eb42d83e859bce91dcf763eb9f2ab117142a49c9c3d17285440edb5b69/rpds_py-0.25.1-cp310-cp310-manylinux_2_17_armv7l.manylinux2014_armv7l.whl", hash = "sha256:ccc6f3ddef93243538be76f8e47045b4aad7a66a212cd3a0f23e34469473d36b", size = 400282, upload-time = "2025-05-21T12:42:44.92Z" },
    { url = "https://files.pythonhosted.org/packages/68/c8/2a38e0707d7919c8c78e1d582ab15cf1255b380bcb086ca265b73ed6db23/rpds_py-0.25.1-cp310-cp310-manylinux_2_17_ppc64le.manylinux2014_ppc64le.whl", hash = "sha256:f70316f760174ca04492b5ab01be631a8ae30cadab1d1081035136ba12738cfa", size = 521824, upload-time = "2025-05-21T12:42:46.856Z" },
    { url = "https://files.pythonhosted.org/packages/5e/2c/6a92790243569784dde84d144bfd12bd45102f4a1c897d76375076d730ab/rpds_py-0.25.1-cp310-cp310-manylinux_2_17_s390x.manylinux2014_s390x.whl", hash = "sha256:e1dafef8df605fdb46edcc0bf1573dea0d6d7b01ba87f85cd04dc855b2b4479e", size = 411644, upload-time = "2025-05-21T12:42:48.838Z" },
    { url = "https://files.pythonhosted.org/packages/eb/76/66b523ffc84cf47db56efe13ae7cf368dee2bacdec9d89b9baca5e2e6301/rpds_py-0.25.1-cp310-cp310-manylinux_2_17_x86_64.manylinux2014_x86_64.whl", hash = "sha256:0701942049095741a8aeb298a31b203e735d1c61f4423511d2b1a41dcd8a16da", size = 386955, upload-time = "2025-05-21T12:42:50.835Z" },
    { url = "https://files.pythonhosted.org/packages/b6/b9/a362d7522feaa24dc2b79847c6175daa1c642817f4a19dcd5c91d3e2c316/rpds_py-0.25.1-cp310-cp310-manylinux_2_5_i686.manylinux1_i686.whl", hash = "sha256:e87798852ae0b37c88babb7f7bbbb3e3fecc562a1c340195b44c7e24d403e380", size = 421039, upload-time = "2025-05-21T12:42:52.348Z" },
    { url = "https://files.pythonhosted.org/packages/0f/c4/b5b6f70b4d719b6584716889fd3413102acf9729540ee76708d56a76fa97/rpds_py-0.25.1-cp310-cp310-musllinux_1_2_aarch64.whl", hash = "sha256:3bcce0edc1488906c2d4c75c94c70a0417e83920dd4c88fec1078c94843a6ce9", size = 563290, upload-time = "2025-05-21T12:42:54.404Z" },
    { url = "https://files.pythonhosted.org/packages/87/a3/2e6e816615c12a8f8662c9d8583a12eb54c52557521ef218cbe3095a8afa/rpds_py-0.25.1-cp310-cp310-musllinux_1_2_i686.whl", hash = "sha256:e2f6a2347d3440ae789505693a02836383426249d5293541cd712e07e7aecf54", size = 592089, upload-time = "2025-05-21T12:42:55.976Z" },
    { url = "https://files.pythonhosted.org/packages/c0/08/9b8e1050e36ce266135994e2c7ec06e1841f1c64da739daeb8afe9cb77a4/rpds_py-0.25.1-cp310-cp310-musllinux_1_2_x86_64.whl", hash = "sha256:4fd52d3455a0aa997734f3835cbc4c9f32571345143960e7d7ebfe7b5fbfa3b2", size = 558400, upload-time = "2025-05-21T12:42:58.032Z" },
    { url = "https://files.pythonhosted.org/packages/f2/df/b40b8215560b8584baccd839ff5c1056f3c57120d79ac41bd26df196da7e/rpds_py-0.25.1-cp310-cp310-win32.whl", hash = "sha256:3f0b1798cae2bbbc9b9db44ee068c556d4737911ad53a4e5093d09d04b3bbc24", size = 219741, upload-time = "2025-05-21T12:42:59.479Z" },
    { url = "https://files.pythonhosted.org/packages/10/99/e4c58be18cf5d8b40b8acb4122bc895486230b08f978831b16a3916bd24d/rpds_py-0.25.1-cp310-cp310-win_amd64.whl", hash = "sha256:3ebd879ab996537fc510a2be58c59915b5dd63bccb06d1ef514fee787e05984a", size = 231553, upload-time = "2025-05-21T12:43:01.425Z" },
    { url = "https://files.pythonhosted.org/packages/95/e1/df13fe3ddbbea43567e07437f097863b20c99318ae1f58a0fe389f763738/rpds_py-0.25.1-cp311-cp311-macosx_10_12_x86_64.whl", hash = "sha256:5f048bbf18b1f9120685c6d6bb70cc1a52c8cc11bdd04e643d28d3be0baf666d", size = 373341, upload-time = "2025-05-21T12:43:02.978Z" },
    { url = "https://files.pythonhosted.org/packages/7a/58/deef4d30fcbcbfef3b6d82d17c64490d5c94585a2310544ce8e2d3024f83/rpds_py-0.25.1-cp311-cp311-macosx_11_0_arm64.whl", hash = "sha256:4fbb0dbba559959fcb5d0735a0f87cdbca9e95dac87982e9b95c0f8f7ad10255", size = 359111, upload-time = "2025-05-21T12:43:05.128Z" },
    { url = "https://files.pythonhosted.org/packages/bb/7e/39f1f4431b03e96ebaf159e29a0f82a77259d8f38b2dd474721eb3a8ac9b/rpds_py-0.25.1-cp311-cp311-manylinux_2_17_aarch64.manylinux2014_aarch64.whl", hash = "sha256:d4ca54b9cf9d80b4016a67a0193ebe0bcf29f6b0a96f09db942087e294d3d4c2", size = 386112, upload-time = "2025-05-21T12:43:07.13Z" },
    { url = "https://files.pythonhosted.org/packages/db/e7/847068a48d63aec2ae695a1646089620b3b03f8ccf9f02c122ebaf778f3c/rpds_py-0.25.1-cp311-cp311-manylinux_2_17_armv7l.manylinux2014_armv7l.whl", hash = "sha256:1ee3e26eb83d39b886d2cb6e06ea701bba82ef30a0de044d34626ede51ec98b0", size = 400362, upload-time = "2025-05-21T12:43:08.693Z" },
    { url = "https://files.pythonhosted.org/packages/3b/3d/9441d5db4343d0cee759a7ab4d67420a476cebb032081763de934719727b/rpds_py-0.25.1-cp311-cp311-manylinux_2_17_ppc64le.manylinux2014_ppc64le.whl", hash = "sha256:89706d0683c73a26f76a5315d893c051324d771196ae8b13e6ffa1ffaf5e574f", size = 522214, upload-time = "2025-05-21T12:43:10.694Z" },
    { url = "https://files.pythonhosted.org/packages/a2/ec/2cc5b30d95f9f1a432c79c7a2f65d85e52812a8f6cbf8768724571710786/rpds_py-0.25.1-cp311-cp311-manylinux_2_17_s390x.manylinux2014_s390x.whl", hash = "sha256:c2013ee878c76269c7b557a9a9c042335d732e89d482606990b70a839635feb7", size = 411491, upload-time = "2025-05-21T12:43:12.739Z" },
    { url = "https://files.pythonhosted.org/packages/dc/6c/44695c1f035077a017dd472b6a3253553780837af2fac9b6ac25f6a5cb4d/rpds_py-0.25.1-cp311-cp311-manylinux_2_17_x86_64.manylinux2014_x86_64.whl", hash = "sha256:45e484db65e5380804afbec784522de84fa95e6bb92ef1bd3325d33d13efaebd", size = 386978, upload-time = "2025-05-21T12:43:14.25Z" },
    { url = "https://files.pythonhosted.org/packages/b1/74/b4357090bb1096db5392157b4e7ed8bb2417dc7799200fcbaee633a032c9/rpds_py-0.25.1-cp311-cp311-manylinux_2_5_i686.manylinux1_i686.whl", hash = "sha256:48d64155d02127c249695abb87d39f0faf410733428d499867606be138161d65", size = 420662, upload-time = "2025-05-21T12:43:15.8Z" },
    { url = "https://files.pythonhosted.org/packages/26/dd/8cadbebf47b96e59dfe8b35868e5c38a42272699324e95ed522da09d3a40/rpds_py-0.25.1-cp311-cp311-musllinux_1_2_aarch64.whl", hash = "sha256:048893e902132fd6548a2e661fb38bf4896a89eea95ac5816cf443524a85556f", size = 563385, upload-time = "2025-05-21T12:43:17.78Z" },
    { url = "https://files.pythonhosted.org/packages/c3/ea/92960bb7f0e7a57a5ab233662f12152085c7dc0d5468534c65991a3d48c9/rpds_py-0.25.1-cp311-cp311-musllinux_1_2_i686.whl", hash = "sha256:0317177b1e8691ab5879f4f33f4b6dc55ad3b344399e23df2e499de7b10a548d", size = 592047, upload-time = "2025-05-21T12:43:19.457Z" },
    { url = "https://files.pythonhosted.org/packages/61/ad/71aabc93df0d05dabcb4b0c749277881f8e74548582d96aa1bf24379493a/rpds_py-0.25.1-cp311-cp311-musllinux_1_2_x86_64.whl", hash = "sha256:bffcf57826d77a4151962bf1701374e0fc87f536e56ec46f1abdd6a903354042", size = 557863, upload-time = "2025-05-21T12:43:21.69Z" },
    { url = "https://files.pythonhosted.org/packages/93/0f/89df0067c41f122b90b76f3660028a466eb287cbe38efec3ea70e637ca78/rpds_py-0.25.1-cp311-cp311-win32.whl", hash = "sha256:cda776f1967cb304816173b30994faaf2fd5bcb37e73118a47964a02c348e1bc", size = 219627, upload-time = "2025-05-21T12:43:23.311Z" },
    { url = "https://files.pythonhosted.org/packages/7c/8d/93b1a4c1baa903d0229374d9e7aa3466d751f1d65e268c52e6039c6e338e/rpds_py-0.25.1-cp311-cp311-win_amd64.whl", hash = "sha256:dc3c1ff0abc91444cd20ec643d0f805df9a3661fcacf9c95000329f3ddf268a4", size = 231603, upload-time = "2025-05-21T12:43:25.145Z" },
    { url = "https://files.pythonhosted.org/packages/cb/11/392605e5247bead2f23e6888e77229fbd714ac241ebbebb39a1e822c8815/rpds_py-0.25.1-cp311-cp311-win_arm64.whl", hash = "sha256:5a3ddb74b0985c4387719fc536faced33cadf2172769540c62e2a94b7b9be1c4", size = 223967, upload-time = "2025-05-21T12:43:26.566Z" },
    { url = "https://files.pythonhosted.org/packages/7f/81/28ab0408391b1dc57393653b6a0cf2014cc282cc2909e4615e63e58262be/rpds_py-0.25.1-cp312-cp312-macosx_10_12_x86_64.whl", hash = "sha256:b5ffe453cde61f73fea9430223c81d29e2fbf412a6073951102146c84e19e34c", size = 364647, upload-time = "2025-05-21T12:43:28.559Z" },
    { url = "https://files.pythonhosted.org/packages/2c/9a/7797f04cad0d5e56310e1238434f71fc6939d0bc517192a18bb99a72a95f/rpds_py-0.25.1-cp312-cp312-macosx_11_0_arm64.whl", hash = "sha256:115874ae5e2fdcfc16b2aedc95b5eef4aebe91b28e7e21951eda8a5dc0d3461b", size = 350454, upload-time = "2025-05-21T12:43:30.615Z" },
    { url = "https://files.pythonhosted.org/packages/69/3c/93d2ef941b04898011e5d6eaa56a1acf46a3b4c9f4b3ad1bbcbafa0bee1f/rpds_py-0.25.1-cp312-cp312-manylinux_2_17_aarch64.manylinux2014_aarch64.whl", hash = "sha256:a714bf6e5e81b0e570d01f56e0c89c6375101b8463999ead3a93a5d2a4af91fa", size = 389665, upload-time = "2025-05-21T12:43:32.629Z" },
    { url = "https://files.pythonhosted.org/packages/c1/57/ad0e31e928751dde8903a11102559628d24173428a0f85e25e187defb2c1/rpds_py-0.25.1-cp312-cp312-manylinux_2_17_armv7l.manylinux2014_armv7l.whl", hash = "sha256:35634369325906bcd01577da4c19e3b9541a15e99f31e91a02d010816b49bfda", size = 403873, upload-time = "2025-05-21T12:43:34.576Z" },
    { url = "https://files.pythonhosted.org/packages/16/ad/c0c652fa9bba778b4f54980a02962748479dc09632e1fd34e5282cf2556c/rpds_py-0.25.1-cp312-cp312-manylinux_2_17_ppc64le.manylinux2014_ppc64le.whl", hash = "sha256:d4cb2b3ddc16710548801c6fcc0cfcdeeff9dafbc983f77265877793f2660309", size = 525866, upload-time = "2025-05-21T12:43:36.123Z" },
    { url = "https://files.pythonhosted.org/packages/2a/39/3e1839bc527e6fcf48d5fec4770070f872cdee6c6fbc9b259932f4e88a38/rpds_py-0.25.1-cp312-cp312-manylinux_2_17_s390x.manylinux2014_s390x.whl", hash = "sha256:9ceca1cf097ed77e1a51f1dbc8d174d10cb5931c188a4505ff9f3e119dfe519b", size = 416886, upload-time = "2025-05-21T12:43:38.034Z" },
    { url = "https://files.pythonhosted.org/packages/7a/95/dd6b91cd4560da41df9d7030a038298a67d24f8ca38e150562644c829c48/rpds_py-0.25.1-cp312-cp312-manylinux_2_17_x86_64.manylinux2014_x86_64.whl", hash = "sha256:2c2cd1a4b0c2b8c5e31ffff50d09f39906fe351389ba143c195566056c13a7ea", size = 390666, upload-time = "2025-05-21T12:43:40.065Z" },
    { url = "https://files.pythonhosted.org/packages/64/48/1be88a820e7494ce0a15c2d390ccb7c52212370badabf128e6a7bb4cb802/rpds_py-0.25.1-cp312-cp312-manylinux_2_5_i686.manylinux1_i686.whl", hash = "sha256:1de336a4b164c9188cb23f3703adb74a7623ab32d20090d0e9bf499a2203ad65", size = 425109, upload-time = "2025-05-21T12:43:42.263Z" },
    { url = "https://files.pythonhosted.org/packages/cf/07/3e2a17927ef6d7720b9949ec1b37d1e963b829ad0387f7af18d923d5cfa5/rpds_py-0.25.1-cp312-cp312-musllinux_1_2_aarch64.whl", hash = "sha256:9fca84a15333e925dd59ce01da0ffe2ffe0d6e5d29a9eeba2148916d1824948c", size = 567244, upload-time = "2025-05-21T12:43:43.846Z" },
    { url = "https://files.pythonhosted.org/packages/d2/e5/76cf010998deccc4f95305d827847e2eae9c568099c06b405cf96384762b/rpds_py-0.25.1-cp312-cp312-musllinux_1_2_i686.whl", hash = "sha256:88ec04afe0c59fa64e2f6ea0dd9657e04fc83e38de90f6de201954b4d4eb59bd", size = 596023, upload-time = "2025-05-21T12:43:45.932Z" },
    { url = "https://files.pythonhosted.org/packages/52/9a/df55efd84403736ba37a5a6377b70aad0fd1cb469a9109ee8a1e21299a1c/rpds_py-0.25.1-cp312-cp312-musllinux_1_2_x86_64.whl", hash = "sha256:a8bd2f19e312ce3e1d2c635618e8a8d8132892bb746a7cf74780a489f0f6cdcb", size = 561634, upload-time = "2025-05-21T12:43:48.263Z" },
    { url = "https://files.pythonhosted.org/packages/ab/aa/dc3620dd8db84454aaf9374bd318f1aa02578bba5e567f5bf6b79492aca4/rpds_py-0.25.1-cp312-cp312-win32.whl", hash = "sha256:e5e2f7280d8d0d3ef06f3ec1b4fd598d386cc6f0721e54f09109a8132182fbfe", size = 222713, upload-time = "2025-05-21T12:43:49.897Z" },
    { url = "https://files.pythonhosted.org/packages/a3/7f/7cef485269a50ed5b4e9bae145f512d2a111ca638ae70cc101f661b4defd/rpds_py-0.25.1-cp312-cp312-win_amd64.whl", hash = "sha256:db58483f71c5db67d643857404da360dce3573031586034b7d59f245144cc192", size = 235280, upload-time = "2025-05-21T12:43:51.893Z" },
    { url = "https://files.pythonhosted.org/packages/99/f2/c2d64f6564f32af913bf5f3f7ae41c7c263c5ae4c4e8f1a17af8af66cd46/rpds_py-0.25.1-cp312-cp312-win_arm64.whl", hash = "sha256:6d50841c425d16faf3206ddbba44c21aa3310a0cebc3c1cdfc3e3f4f9f6f5728", size = 225399, upload-time = "2025-05-21T12:43:53.351Z" },
    { url = "https://files.pythonhosted.org/packages/2b/da/323848a2b62abe6a0fec16ebe199dc6889c5d0a332458da8985b2980dffe/rpds_py-0.25.1-cp313-cp313-macosx_10_12_x86_64.whl", hash = "sha256:659d87430a8c8c704d52d094f5ba6fa72ef13b4d385b7e542a08fc240cb4a559", size = 364498, upload-time = "2025-05-21T12:43:54.841Z" },
    { url = "https://files.pythonhosted.org/packages/1f/b4/4d3820f731c80fd0cd823b3e95b9963fec681ae45ba35b5281a42382c67d/rpds_py-0.25.1-cp313-cp313-macosx_11_0_arm64.whl", hash = "sha256:68f6f060f0bbdfb0245267da014d3a6da9be127fe3e8cc4a68c6f833f8a23bb1", size = 350083, upload-time = "2025-05-21T12:43:56.428Z" },
    { url = "https://files.pythonhosted.org/packages/d5/b1/3a8ee1c9d480e8493619a437dec685d005f706b69253286f50f498cbdbcf/rpds_py-0.25.1-cp313-cp313-manylinux_2_17_aarch64.manylinux2014_aarch64.whl", hash = "sha256:083a9513a33e0b92cf6e7a6366036c6bb43ea595332c1ab5c8ae329e4bcc0a9c", size = 389023, upload-time = "2025-05-21T12:43:57.995Z" },
    { url = "https://files.pythonhosted.org/packages/3b/31/17293edcfc934dc62c3bf74a0cb449ecd549531f956b72287203e6880b87/rpds_py-0.25.1-cp313-cp313-manylinux_2_17_armv7l.manylinux2014_armv7l.whl", hash = "sha256:816568614ecb22b18a010c7a12559c19f6fe993526af88e95a76d5a60b8b75fb", size = 403283, upload-time = "2025-05-21T12:43:59.546Z" },
    { url = "https://files.pythonhosted.org/packages/d1/ca/e0f0bc1a75a8925024f343258c8ecbd8828f8997ea2ac71e02f67b6f5299/rpds_py-0.25.1-cp313-cp313-manylinux_2_17_ppc64le.manylinux2014_ppc64le.whl", hash = "sha256:3c6564c0947a7f52e4792983f8e6cf9bac140438ebf81f527a21d944f2fd0a40", size = 524634, upload-time = "2025-05-21T12:44:01.087Z" },
    { url = "https://files.pythonhosted.org/packages/3e/03/5d0be919037178fff33a6672ffc0afa04ea1cfcb61afd4119d1b5280ff0f/rpds_py-0.25.1-cp313-cp313-manylinux_2_17_s390x.manylinux2014_s390x.whl", hash = "sha256:5c4a128527fe415d73cf1f70a9a688d06130d5810be69f3b553bf7b45e8acf79", size = 416233, upload-time = "2025-05-21T12:44:02.604Z" },
    { url = "https://files.pythonhosted.org/packages/05/7c/8abb70f9017a231c6c961a8941403ed6557664c0913e1bf413cbdc039e75/rpds_py-0.25.1-cp313-cp313-manylinux_2_17_x86_64.manylinux2014_x86_64.whl", hash = "sha256:a49e1d7a4978ed554f095430b89ecc23f42014a50ac385eb0c4d163ce213c325", size = 390375, upload-time = "2025-05-21T12:44:04.162Z" },
    { url = "https://files.pythonhosted.org/packages/7a/ac/a87f339f0e066b9535074a9f403b9313fd3892d4a164d5d5f5875ac9f29f/rpds_py-0.25.1-cp313-cp313-manylinux_2_5_i686.manylinux1_i686.whl", hash = "sha256:d74ec9bc0e2feb81d3f16946b005748119c0f52a153f6db6a29e8cd68636f295", size = 424537, upload-time = "2025-05-21T12:44:06.175Z" },
    { url = "https://files.pythonhosted.org/packages/1f/8f/8d5c1567eaf8c8afe98a838dd24de5013ce6e8f53a01bd47fe8bb06b5533/rpds_py-0.25.1-cp313-cp313-musllinux_1_2_aarch64.whl", hash = "sha256:3af5b4cc10fa41e5bc64e5c198a1b2d2864337f8fcbb9a67e747e34002ce812b", size = 566425, upload-time = "2025-05-21T12:44:08.242Z" },
    { url = "https://files.pythonhosted.org/packages/95/33/03016a6be5663b389c8ab0bbbcca68d9e96af14faeff0a04affcb587e776/rpds_py-0.25.1-cp313-cp313-musllinux_1_2_i686.whl", hash = "sha256:79dc317a5f1c51fd9c6a0c4f48209c6b8526d0524a6904fc1076476e79b00f98", size = 595197, upload-time = "2025-05-21T12:44:10.449Z" },
    { url = "https://files.pythonhosted.org/packages/33/8d/da9f4d3e208c82fda311bff0cf0a19579afceb77cf456e46c559a1c075ba/rpds_py-0.25.1-cp313-cp313-musllinux_1_2_x86_64.whl", hash = "sha256:1521031351865e0181bc585147624d66b3b00a84109b57fcb7a779c3ec3772cd", size = 561244, upload-time = "2025-05-21T12:44:12.387Z" },
    { url = "https://files.pythonhosted.org/packages/e2/b3/39d5dcf7c5f742ecd6dbc88f6f84ae54184b92f5f387a4053be2107b17f1/rpds_py-0.25.1-cp313-cp313-win32.whl", hash = "sha256:5d473be2b13600b93a5675d78f59e63b51b1ba2d0476893415dfbb5477e65b31", size = 222254, upload-time = "2025-05-21T12:44:14.261Z" },
    { url = "https://files.pythonhosted.org/packages/5f/19/2d6772c8eeb8302c5f834e6d0dfd83935a884e7c5ce16340c7eaf89ce925/rpds_py-0.25.1-cp313-cp313-win_amd64.whl", hash = "sha256:a7b74e92a3b212390bdce1d93da9f6488c3878c1d434c5e751cbc202c5e09500", size = 234741, upload-time = "2025-05-21T12:44:16.236Z" },
    { url = "https://files.pythonhosted.org/packages/5b/5a/145ada26cfaf86018d0eb304fe55eafdd4f0b6b84530246bb4a7c4fb5c4b/rpds_py-0.25.1-cp313-cp313-win_arm64.whl", hash = "sha256:dd326a81afe332ede08eb39ab75b301d5676802cdffd3a8f287a5f0b694dc3f5", size = 224830, upload-time = "2025-05-21T12:44:17.749Z" },
    { url = "https://files.pythonhosted.org/packages/4b/ca/d435844829c384fd2c22754ff65889c5c556a675d2ed9eb0e148435c6690/rpds_py-0.25.1-cp313-cp313t-macosx_10_12_x86_64.whl", hash = "sha256:a58d1ed49a94d4183483a3ce0af22f20318d4a1434acee255d683ad90bf78129", size = 359668, upload-time = "2025-05-21T12:44:19.322Z" },
    { url = "https://files.pythonhosted.org/packages/1f/01/b056f21db3a09f89410d493d2f6614d87bb162499f98b649d1dbd2a81988/rpds_py-0.25.1-cp313-cp313t-macosx_11_0_arm64.whl", hash = "sha256:f251bf23deb8332823aef1da169d5d89fa84c89f67bdfb566c49dea1fccfd50d", size = 345649, upload-time = "2025-05-21T12:44:20.962Z" },
    { url = "https://files.pythonhosted.org/packages/e0/0f/e0d00dc991e3d40e03ca36383b44995126c36b3eafa0ccbbd19664709c88/rpds_py-0.25.1-cp313-cp313t-manylinux_2_17_aarch64.manylinux2014_aarch64.whl", hash = "sha256:8dbd586bfa270c1103ece2109314dd423df1fa3d9719928b5d09e4840cec0d72", size = 384776, upload-time = "2025-05-21T12:44:22.516Z" },
    { url = "https://files.pythonhosted.org/packages/9f/a2/59374837f105f2ca79bde3c3cd1065b2f8c01678900924949f6392eab66d/rpds_py-0.25.1-cp313-cp313t-manylinux_2_17_armv7l.manylinux2014_armv7l.whl", hash = "sha256:6d273f136e912aa101a9274c3145dcbddbe4bac560e77e6d5b3c9f6e0ed06d34", size = 395131, upload-time = "2025-05-21T12:44:24.147Z" },
    { url = "https://files.pythonhosted.org/packages/9c/dc/48e8d84887627a0fe0bac53f0b4631e90976fd5d35fff8be66b8e4f3916b/rpds_py-0.25.1-cp313-cp313t-manylinux_2_17_ppc64le.manylinux2014_ppc64le.whl", hash = "sha256:666fa7b1bd0a3810a7f18f6d3a25ccd8866291fbbc3c9b912b917a6715874bb9", size = 520942, upload-time = "2025-05-21T12:44:25.915Z" },
    { url = "https://files.pythonhosted.org/packages/7c/f5/ee056966aeae401913d37befeeab57a4a43a4f00099e0a20297f17b8f00c/rpds_py-0.25.1-cp313-cp313t-manylinux_2_17_s390x.manylinux2014_s390x.whl", hash = "sha256:921954d7fbf3fccc7de8f717799304b14b6d9a45bbeec5a8d7408ccbf531faf5", size = 411330, upload-time = "2025-05-21T12:44:27.638Z" },
    { url = "https://files.pythonhosted.org/packages/ab/74/b2cffb46a097cefe5d17f94ede7a174184b9d158a0aeb195f39f2c0361e8/rpds_py-0.25.1-cp313-cp313t-manylinux_2_17_x86_64.manylinux2014_x86_64.whl", hash = "sha256:f3d86373ff19ca0441ebeb696ef64cb58b8b5cbacffcda5a0ec2f3911732a194", size = 387339, upload-time = "2025-05-21T12:44:29.292Z" },
    { url = "https://files.pythonhosted.org/packages/7f/9a/0ff0b375dcb5161c2b7054e7d0b7575f1680127505945f5cabaac890bc07/rpds_py-0.25.1-cp313-cp313t-manylinux_2_5_i686.manylinux1_i686.whl", hash = "sha256:c8980cde3bb8575e7c956a530f2c217c1d6aac453474bf3ea0f9c89868b531b6", size = 418077, upload-time = "2025-05-21T12:44:30.877Z" },
    { url = "https://files.pythonhosted.org/packages/0d/a1/fda629bf20d6b698ae84c7c840cfb0e9e4200f664fc96e1f456f00e4ad6e/rpds_py-0.25.1-cp313-cp313t-musllinux_1_2_aarch64.whl", hash = "sha256:8eb8c84ecea987a2523e057c0d950bcb3f789696c0499290b8d7b3107a719d78", size = 562441, upload-time = "2025-05-21T12:44:32.541Z" },
    { url = "https://files.pythonhosted.org/packages/20/15/ce4b5257f654132f326f4acd87268e1006cc071e2c59794c5bdf4bebbb51/rpds_py-0.25.1-cp313-cp313t-musllinux_1_2_i686.whl", hash = "sha256:e43a005671a9ed5a650f3bc39e4dbccd6d4326b24fb5ea8be5f3a43a6f576c72", size = 590750, upload-time = "2025-05-21T12:44:34.557Z" },
    { url = "https://files.pythonhosted.org/packages/fb/ab/e04bf58a8d375aeedb5268edcc835c6a660ebf79d4384d8e0889439448b0/rpds_py-0.25.1-cp313-cp313t-musllinux_1_2_x86_64.whl", hash = "sha256:58f77c60956501a4a627749a6dcb78dac522f249dd96b5c9f1c6af29bfacfb66", size = 558891, upload-time = "2025-05-21T12:44:37.358Z" },
    { url = "https://files.pythonhosted.org/packages/90/82/cb8c6028a6ef6cd2b7991e2e4ced01c854b6236ecf51e81b64b569c43d73/rpds_py-0.25.1-cp313-cp313t-win32.whl", hash = "sha256:2cb9e5b5e26fc02c8a4345048cd9998c2aca7c2712bd1b36da0c72ee969a3523", size = 218718, upload-time = "2025-05-21T12:44:38.969Z" },
    { url = "https://files.pythonhosted.org/packages/b6/97/5a4b59697111c89477d20ba8a44df9ca16b41e737fa569d5ae8bff99e650/rpds_py-0.25.1-cp313-cp313t-win_amd64.whl", hash = "sha256:401ca1c4a20cc0510d3435d89c069fe0a9ae2ee6495135ac46bdd49ec0495763", size = 232218, upload-time = "2025-05-21T12:44:40.512Z" },
    { url = "https://files.pythonhosted.org/packages/89/74/716d42058ef501e2c08f27aa3ff455f6fc1bbbd19a6ab8dea07e6322d217/rpds_py-0.25.1-cp39-cp39-macosx_10_12_x86_64.whl", hash = "sha256:ce4c8e485a3c59593f1a6f683cf0ea5ab1c1dc94d11eea5619e4fb5228b40fbd", size = 373475, upload-time = "2025-05-21T12:44:42.136Z" },
    { url = "https://files.pythonhosted.org/packages/e1/21/3faa9c523e2496a2505d7440b6f24c9166f37cb7ac027cac6cfbda9b4b5f/rpds_py-0.25.1-cp39-cp39-macosx_11_0_arm64.whl", hash = "sha256:d8222acdb51a22929c3b2ddb236b69c59c72af4019d2cba961e2f9add9b6e634", size = 359349, upload-time = "2025-05-21T12:44:43.813Z" },
    { url = "https://files.pythonhosted.org/packages/6a/1c/c747fe568d21b1d679079b52b926ebc4d1497457510a1773dc5fd4b7b4e2/rpds_py-0.25.1-cp39-cp39-manylinux_2_17_aarch64.manylinux2014_aarch64.whl", hash = "sha256:4593c4eae9b27d22df41cde518b4b9e4464d139e4322e2127daa9b5b981b76be", size = 386526, upload-time = "2025-05-21T12:44:45.452Z" },
    { url = "https://files.pythonhosted.org/packages/0b/cc/4a41703de4fb291f13660fa3d882cbd39db5d60497c6e7fa7f5142e5e69f/rpds_py-0.25.1-cp39-cp39-manylinux_2_17_armv7l.manylinux2014_armv7l.whl", hash = "sha256:bd035756830c712b64725a76327ce80e82ed12ebab361d3a1cdc0f51ea21acb0", size = 400526, upload-time = "2025-05-21T12:44:47.011Z" },
    { url = "https://files.pythonhosted.org/packages/f1/78/60c980bedcad8418b614f0b4d6d420ecf11225b579cec0cb4e84d168b4da/rpds_py-0.25.1-cp39-cp39-manylinux_2_17_ppc64le.manylinux2014_ppc64le.whl", hash = "sha256:114a07e85f32b125404f28f2ed0ba431685151c037a26032b213c882f26eb908", size = 525726, upload-time = "2025-05-21T12:44:48.838Z" },
    { url = "https://files.pythonhosted.org/packages/3f/37/f2f36b7f1314b3c3200d663decf2f8e29480492a39ab22447112aead4693/rpds_py-0.25.1-cp39-cp39-manylinux_2_17_s390x.manylinux2014_s390x.whl", hash = "sha256:dec21e02e6cc932538b5203d3a8bd6aa1480c98c4914cb88eea064ecdbc6396a", size = 412045, upload-time = "2025-05-21T12:44:50.433Z" },
    { url = "https://files.pythonhosted.org/packages/df/96/e03783e87a775b1242477ccbc35895f8e9b2bbdb60e199034a6da03c2687/rpds_py-0.25.1-cp39-cp39-manylinux_2_17_x86_64.manylinux2014_x86_64.whl", hash = "sha256:09eab132f41bf792c7a0ea1578e55df3f3e7f61888e340779b06050a9a3f16e9", size = 386953, upload-time = "2025-05-21T12:44:52.092Z" },
    { url = "https://files.pythonhosted.org/packages/7c/7d/1418f4b69bfb4b40481a3d84782113ad7d4cca0b38ae70b982dd5b20102a/rpds_py-0.25.1-cp39-cp39-manylinux_2_5_i686.manylinux1_i686.whl", hash = "sha256:c98f126c4fc697b84c423e387337d5b07e4a61e9feac494362a59fd7a2d9ed80", size = 421144, upload-time = "2025-05-21T12:44:53.734Z" },
    { url = "https://files.pythonhosted.org/packages/b3/0e/61469912c6493ee3808012e60f4930344b974fcb6b35c4348e70b6be7bc7/rpds_py-0.25.1-cp39-cp39-musllinux_1_2_aarch64.whl", hash = "sha256:0e6a327af8ebf6baba1c10fadd04964c1965d375d318f4435d5f3f9651550f4a", size = 563730, upload-time = "2025-05-21T12:44:55.846Z" },
    { url = "https://files.pythonhosted.org/packages/f6/86/6d0a5cc56481ac61977b7c839677ed5c63d38cf0fcb3e2280843a8a6f476/rpds_py-0.25.1-cp39-cp39-musllinux_1_2_i686.whl", hash = "sha256:bc120d1132cff853ff617754196d0ac0ae63befe7c8498bd67731ba368abe451", size = 592321, upload-time = "2025-05-21T12:44:57.514Z" },
    { url = "https://files.pythonhosted.org/packages/5d/87/d1e2453fe336f71e6aa296452a8c85c2118b587b1d25ce98014f75838a60/rpds_py-0.25.1-cp39-cp39-musllinux_1_2_x86_64.whl", hash = "sha256:140f61d9bed7839446bdd44852e30195c8e520f81329b4201ceead4d64eb3a9f", size = 558162, upload-time = "2025-05-21T12:44:59.564Z" },
    { url = "https://files.pythonhosted.org/packages/ad/92/349f04b1644c5cef3e2e6c53b7168a28531945f9e6fca7425f6d20ddbc3c/rpds_py-0.25.1-cp39-cp39-win32.whl", hash = "sha256:9c006f3aadeda131b438c3092124bd196b66312f0caa5823ef09585a669cf449", size = 219920, upload-time = "2025-05-21T12:45:01.186Z" },
    { url = "https://files.pythonhosted.org/packages/f2/84/3969bef883a3f37ff2213795257cb7b7e93a115829670befb8de0e003031/rpds_py-0.25.1-cp39-cp39-win_amd64.whl", hash = "sha256:a61d0b2c7c9a0ae45732a77844917b427ff16ad5464b4d4f5e4adb955f582890", size = 231452, upload-time = "2025-05-21T12:45:02.85Z" },
    { url = "https://files.pythonhosted.org/packages/78/ff/566ce53529b12b4f10c0a348d316bd766970b7060b4fd50f888be3b3b281/rpds_py-0.25.1-pp310-pypy310_pp73-macosx_10_12_x86_64.whl", hash = "sha256:b24bf3cd93d5b6ecfbedec73b15f143596c88ee249fa98cefa9a9dc9d92c6f28", size = 373931, upload-time = "2025-05-21T12:45:05.01Z" },
    { url = "https://files.pythonhosted.org/packages/83/5d/deba18503f7c7878e26aa696e97f051175788e19d5336b3b0e76d3ef9256/rpds_py-0.25.1-pp310-pypy310_pp73-macosx_11_0_arm64.whl", hash = "sha256:0eb90e94f43e5085623932b68840b6f379f26db7b5c2e6bcef3179bd83c9330f", size = 359074, upload-time = "2025-05-21T12:45:06.714Z" },
    { url = "https://files.pythonhosted.org/packages/0d/74/313415c5627644eb114df49c56a27edba4d40cfd7c92bd90212b3604ca84/rpds_py-0.25.1-pp310-pypy310_pp73-manylinux_2_17_aarch64.manylinux2014_aarch64.whl", hash = "sha256:d50e4864498a9ab639d6d8854b25e80642bd362ff104312d9770b05d66e5fb13", size = 387255, upload-time = "2025-05-21T12:45:08.669Z" },
    { url = "https://files.pythonhosted.org/packages/8c/c8/c723298ed6338963d94e05c0f12793acc9b91d04ed7c4ba7508e534b7385/rpds_py-0.25.1-pp310-pypy310_pp73-manylinux_2_17_armv7l.manylinux2014_armv7l.whl", hash = "sha256:7c9409b47ba0650544b0bb3c188243b83654dfe55dcc173a86832314e1a6a35d", size = 400714, upload-time = "2025-05-21T12:45:10.39Z" },
    { url = "https://files.pythonhosted.org/packages/33/8a/51f1f6aa653c2e110ed482ef2ae94140d56c910378752a1b483af11019ee/rpds_py-0.25.1-pp310-pypy310_pp73-manylinux_2_17_ppc64le.manylinux2014_ppc64le.whl", hash = "sha256:796ad874c89127c91970652a4ee8b00d56368b7e00d3477f4415fe78164c8000", size = 523105, upload-time = "2025-05-21T12:45:12.273Z" },
    { url = "https://files.pythonhosted.org/packages/c7/a4/7873d15c088ad3bff36910b29ceb0f178e4b3232c2adbe9198de68a41e63/rpds_py-0.25.1-pp310-pypy310_pp73-manylinux_2_17_s390x.manylinux2014_s390x.whl", hash = "sha256:85608eb70a659bf4c1142b2781083d4b7c0c4e2c90eff11856a9754e965b2540", size = 411499, upload-time = "2025-05-21T12:45:13.95Z" },
    { url = "https://files.pythonhosted.org/packages/90/f3/0ce1437befe1410766d11d08239333ac1b2d940f8a64234ce48a7714669c/rpds_py-0.25.1-pp310-pypy310_pp73-manylinux_2_17_x86_64.manylinux2014_x86_64.whl", hash = "sha256:c4feb9211d15d9160bc85fa72fed46432cdc143eb9cf6d5ca377335a921ac37b", size = 387918, upload-time = "2025-05-21T12:45:15.649Z" },
    { url = "https://files.pythonhosted.org/packages/94/d4/5551247988b2a3566afb8a9dba3f1d4a3eea47793fd83000276c1a6c726e/rpds_py-0.25.1-pp310-pypy310_pp73-manylinux_2_5_i686.manylinux1_i686.whl", hash = "sha256:ccfa689b9246c48947d31dd9d8b16d89a0ecc8e0e26ea5253068efb6c542b76e", size = 421705, upload-time = "2025-05-21T12:45:17.788Z" },
    { url = "https://files.pythonhosted.org/packages/b0/25/5960f28f847bf736cc7ee3c545a7e1d2f3b5edaf82c96fb616c2f5ed52d0/rpds_py-0.25.1-pp310-pypy310_pp73-musllinux_1_2_aarch64.whl", hash = "sha256:3c5b317ecbd8226887994852e85de562f7177add602514d4ac40f87de3ae45a8", size = 564489, upload-time = "2025-05-21T12:45:19.466Z" },
    { url = "https://files.pythonhosted.org/packages/02/66/1c99884a0d44e8c2904d3c4ec302f995292d5dde892c3bf7685ac1930146/rpds_py-0.25.1-pp310-pypy310_pp73-musllinux_1_2_i686.whl", hash = "sha256:454601988aab2c6e8fd49e7634c65476b2b919647626208e376afcd22019eeb8", size = 592557, upload-time = "2025-05-21T12:45:21.362Z" },
    { url = "https://files.pythonhosted.org/packages/55/ae/4aeac84ebeffeac14abb05b3bb1d2f728d00adb55d3fb7b51c9fa772e760/rpds_py-0.25.1-pp310-pypy310_pp73-musllinux_1_2_x86_64.whl", hash = "sha256:1c0c434a53714358532d13539272db75a5ed9df75a4a090a753ac7173ec14e11", size = 558691, upload-time = "2025-05-21T12:45:23.084Z" },
    { url = "https://files.pythonhosted.org/packages/41/b3/728a08ff6f5e06fe3bb9af2e770e9d5fd20141af45cff8dfc62da4b2d0b3/rpds_py-0.25.1-pp310-pypy310_pp73-win_amd64.whl", hash = "sha256:f73ce1512e04fbe2bc97836e89830d6b4314c171587a99688082d090f934d20a", size = 231651, upload-time = "2025-05-21T12:45:24.72Z" },
    { url = "https://files.pythonhosted.org/packages/49/74/48f3df0715a585cbf5d34919c9c757a4c92c1a9eba059f2d334e72471f70/rpds_py-0.25.1-pp311-pypy311_pp73-macosx_10_12_x86_64.whl", hash = "sha256:ee86d81551ec68a5c25373c5643d343150cc54672b5e9a0cafc93c1870a53954", size = 374208, upload-time = "2025-05-21T12:45:26.306Z" },
    { url = "https://files.pythonhosted.org/packages/55/b0/9b01bb11ce01ec03d05e627249cc2c06039d6aa24ea5a22a39c312167c10/rpds_py-0.25.1-pp311-pypy311_pp73-macosx_11_0_arm64.whl", hash = "sha256:89c24300cd4a8e4a51e55c31a8ff3918e6651b241ee8876a42cc2b2a078533ba", size = 359262, upload-time = "2025-05-21T12:45:28.322Z" },
    { url = "https://files.pythonhosted.org/packages/a9/eb/5395621618f723ebd5116c53282052943a726dba111b49cd2071f785b665/rpds_py-0.25.1-pp311-pypy311_pp73-manylinux_2_17_aarch64.manylinux2014_aarch64.whl", hash = "sha256:771c16060ff4e79584dc48902a91ba79fd93eade3aa3a12d6d2a4aadaf7d542b", size = 387366, upload-time = "2025-05-21T12:45:30.42Z" },
    { url = "https://files.pythonhosted.org/packages/68/73/3d51442bdb246db619d75039a50ea1cf8b5b4ee250c3e5cd5c3af5981cd4/rpds_py-0.25.1-pp311-pypy311_pp73-manylinux_2_17_armv7l.manylinux2014_armv7l.whl", hash = "sha256:785ffacd0ee61c3e60bdfde93baa6d7c10d86f15655bd706c89da08068dc5038", size = 400759, upload-time = "2025-05-21T12:45:32.516Z" },
    { url = "https://files.pythonhosted.org/packages/b7/4c/3a32d5955d7e6cb117314597bc0f2224efc798428318b13073efe306512a/rpds_py-0.25.1-pp311-pypy311_pp73-manylinux_2_17_ppc64le.manylinux2014_ppc64le.whl", hash = "sha256:2a40046a529cc15cef88ac5ab589f83f739e2d332cb4d7399072242400ed68c9", size = 523128, upload-time = "2025-05-21T12:45:34.396Z" },
    { url = "https://files.pythonhosted.org/packages/be/95/1ffccd3b0bb901ae60b1dd4b1be2ab98bb4eb834cd9b15199888f5702f7b/rpds_py-0.25.1-pp311-pypy311_pp73-manylinux_2_17_s390x.manylinux2014_s390x.whl", hash = "sha256:85fc223d9c76cabe5d0bff82214459189720dc135db45f9f66aa7cffbf9ff6c1", size = 411597, upload-time = "2025-05-21T12:45:36.164Z" },
    { url = "https://files.pythonhosted.org/packages/ef/6d/6e6cd310180689db8b0d2de7f7d1eabf3fb013f239e156ae0d5a1a85c27f/rpds_py-0.25.1-pp311-pypy311_pp73-manylinux_2_17_x86_64.manylinux2014_x86_64.whl", hash = "sha256:b0be9965f93c222fb9b4cc254235b3b2b215796c03ef5ee64f995b1b69af0762", size = 388053, upload-time = "2025-05-21T12:45:38.45Z" },
    { url = "https://files.pythonhosted.org/packages/4a/87/ec4186b1fe6365ced6fa470960e68fc7804bafbe7c0cf5a36237aa240efa/rpds_py-0.25.1-pp311-pypy311_pp73-manylinux_2_5_i686.manylinux1_i686.whl", hash = "sha256:8378fa4a940f3fb509c081e06cb7f7f2adae8cf46ef258b0e0ed7519facd573e", size = 421821, upload-time = "2025-05-21T12:45:40.732Z" },
    { url = "https://files.pythonhosted.org/packages/7a/60/84f821f6bf4e0e710acc5039d91f8f594fae0d93fc368704920d8971680d/rpds_py-0.25.1-pp311-pypy311_pp73-musllinux_1_2_aarch64.whl", hash = "sha256:33358883a4490287e67a2c391dfaea4d9359860281db3292b6886bf0be3d8692", size = 564534, upload-time = "2025-05-21T12:45:42.672Z" },
    { url = "https://files.pythonhosted.org/packages/41/3a/bc654eb15d3b38f9330fe0f545016ba154d89cdabc6177b0295910cd0ebe/rpds_py-0.25.1-pp311-pypy311_pp73-musllinux_1_2_i686.whl", hash = "sha256:1d1fadd539298e70cac2f2cb36f5b8a65f742b9b9f1014dd4ea1f7785e2470bf", size = 592674, upload-time = "2025-05-21T12:45:44.533Z" },
    { url = "https://files.pythonhosted.org/packages/2e/ba/31239736f29e4dfc7a58a45955c5db852864c306131fd6320aea214d5437/rpds_py-0.25.1-pp311-pypy311_pp73-musllinux_1_2_x86_64.whl", hash = "sha256:9a46c2fb2545e21181445515960006e85d22025bd2fe6db23e76daec6eb689fe", size = 558781, upload-time = "2025-05-21T12:45:46.281Z" },
    { url = "https://files.pythonhosted.org/packages/78/b2/198266f070c6760e0e8cd00f9f2b9c86133ceebbe7c6d114bdcfea200180/rpds_py-0.25.1-pp39-pypy39_pp73-macosx_10_12_x86_64.whl", hash = "sha256:50f2c501a89c9a5f4e454b126193c5495b9fb441a75b298c60591d8a2eb92e1b", size = 373973, upload-time = "2025-05-21T12:45:48.081Z" },
    { url = "https://files.pythonhosted.org/packages/13/79/1265eae618f88aa5d5e7122bd32dd41700bafe5a8bcea404e998848cd844/rpds_py-0.25.1-pp39-pypy39_pp73-macosx_11_0_arm64.whl", hash = "sha256:7d779b325cc8238227c47fbc53964c8cc9a941d5dbae87aa007a1f08f2f77b23", size = 359326, upload-time = "2025-05-21T12:45:49.825Z" },
    { url = "https://files.pythonhosted.org/packages/30/ab/6913b96f3ac072e87e76e45fe938263b0ab0d78b6b2cef3f2e56067befc0/rpds_py-0.25.1-pp39-pypy39_pp73-manylinux_2_17_aarch64.manylinux2014_aarch64.whl", hash = "sha256:036ded36bedb727beeabc16dc1dad7cb154b3fa444e936a03b67a86dc6a5066e", size = 387544, upload-time = "2025-05-21T12:45:51.764Z" },
    { url = "https://files.pythonhosted.org/packages/b0/23/129ed12d25229acc6deb8cbe90baadd8762e563c267c9594eb2fcc15be0c/rpds_py-0.25.1-pp39-pypy39_pp73-manylinux_2_17_armv7l.manylinux2014_armv7l.whl", hash = "sha256:245550f5a1ac98504147cba96ffec8fabc22b610742e9150138e5d60774686d7", size = 400240, upload-time = "2025-05-21T12:45:54.061Z" },
    { url = "https://files.pythonhosted.org/packages/b5/e0/6811a38a5efa46b7ee6ed2103c95cb9abb16991544c3b69007aa679b6944/rpds_py-0.25.1-pp39-pypy39_pp73-manylinux_2_17_ppc64le.manylinux2014_ppc64le.whl", hash = "sha256:ff7c23ba0a88cb7b104281a99476cccadf29de2a0ef5ce864959a52675b1ca83", size = 525599, upload-time = "2025-05-21T12:45:56.457Z" },
    { url = "https://files.pythonhosted.org/packages/6c/10/2dc88bcaa0d86bdb59e017a330b1972ffeeb7f5061bb5a180c9a2bb73bbf/rpds_py-0.25.1-pp39-pypy39_pp73-manylinux_2_17_s390x.manylinux2014_s390x.whl", hash = "sha256:e37caa8cdb3b7cf24786451a0bdb853f6347b8b92005eeb64225ae1db54d1c2b", size = 411154, upload-time = "2025-05-21T12:45:58.525Z" },
    { url = "https://files.pythonhosted.org/packages/cf/d1/a72d522eb7d934fb33e9c501e6ecae00e2035af924d4ff37d964e9a3959b/rpds_py-0.25.1-pp39-pypy39_pp73-manylinux_2_17_x86_64.manylinux2014_x86_64.whl", hash = "sha256:9f2f48ab00181600ee266a095fe815134eb456163f7d6699f525dee471f312cf", size = 388297, upload-time = "2025-05-21T12:46:00.264Z" },
    { url = "https://files.pythonhosted.org/packages/55/90/0dd7169ec74f042405b6b73512200d637a3088c156f64e1c07c18aa2fe59/rpds_py-0.25.1-pp39-pypy39_pp73-manylinux_2_5_i686.manylinux1_i686.whl", hash = "sha256:9e5fc7484fa7dce57e25063b0ec9638ff02a908304f861d81ea49273e43838c1", size = 421894, upload-time = "2025-05-21T12:46:02.065Z" },
    { url = "https://files.pythonhosted.org/packages/37/e9/45170894add451783ed839c5c4a495e050aa8baa06d720364d9dff394dac/rpds_py-0.25.1-pp39-pypy39_pp73-musllinux_1_2_aarch64.whl", hash = "sha256:d3c10228d6cf6fe2b63d2e7985e94f6916fa46940df46b70449e9ff9297bd3d1", size = 564409, upload-time = "2025-05-21T12:46:03.891Z" },
    { url = "https://files.pythonhosted.org/packages/59/d0/31cece9090e76fbdb50c758c165d40da604b03b37c3ba53f010bbfeb130a/rpds_py-0.25.1-pp39-pypy39_pp73-musllinux_1_2_i686.whl", hash = "sha256:5d9e40f32745db28c1ef7aad23f6fc458dc1e29945bd6781060f0d15628b8ddf", size = 592681, upload-time = "2025-05-21T12:46:06.009Z" },
    { url = "https://files.pythonhosted.org/packages/f1/4c/22ef535efb2beec614ba7be83e62b439eb83b0b0d7b1775e22d35af3f9b5/rpds_py-0.25.1-pp39-pypy39_pp73-musllinux_1_2_x86_64.whl", hash = "sha256:35a8d1a24b5936b35c5003313bc177403d8bdef0f8b24f28b1c4a255f94ea992", size = 558744, upload-time = "2025-05-21T12:46:07.78Z" },
    { url = "https://files.pythonhosted.org/packages/79/ff/f2150efc8daf0581d4dfaf0a2a30b08088b6df900230ee5ae4f7c8cd5163/rpds_py-0.25.1-pp39-pypy39_pp73-win_amd64.whl", hash = "sha256:6099263f526efff9cf3883dfef505518730f7a7a93049b1d90d42e50a22b4793", size = 231305, upload-time = "2025-05-21T12:46:10.52Z" },
]

[[package]]
name = "typing-extensions"
version = "4.14.0"
source = { registry = "https://pypi.org/simple" }
sdist = { url = "https://files.pythonhosted.org/packages/d1/bc/51647cd02527e87d05cb083ccc402f93e441606ff1f01739a62c8ad09ba5/typing_extensions-4.14.0.tar.gz", hash = "sha256:8676b788e32f02ab42d9e7c61324048ae4c6d844a399eebace3d4979d75ceef4", size = 107423, upload-time = "2025-06-02T14:52:11.399Z" }
wheels = [
    { url = "https://files.pythonhosted.org/packages/69/e0/552843e0d356fbb5256d21449fa957fa4eff3bbc135a74a691ee70c7c5da/typing_extensions-4.14.0-py3-none-any.whl", hash = "sha256:a1514509136dd0b477638fc68d6a91497af5076466ad0fa6c338e44e359944af", size = 43839, upload-time = "2025-06-02T14:52:10.026Z" },
]
